{
  "name": "@themoretheless/tokenizer-forma",
  "version": "0.7.0",
  "lockfileVersion": 3,
  "requires": true,
  "packages": {
    "": {
      "name": "@themoretheless/tokenizer-forma",
      "version": "0.7.0",
      "dependencies": {
        "@lezer/lr": "^1.4.10"
      },
      "devDependencies": {
        "@lezer/generator": "^1.8.0"
      }
    },
    "node_modules/@lezer/common": {
      "version": "1.5.3",
      "resolved": "https://registry.npmjs.org/@lezer/common/-/common-1.5.3.tgz",
      "integrity": "sha512-H0iErY4e43LpXbYDyBci5W4v/RwTgGV3YzYOlJPiGZ8RY8w51kVE+xLn1tg3Z6UmSfyETvtsUK3r7YsgDQEI7Q==",
      "license": "MIT"
    },
    "node_modules/@lezer/generator": {
      "version": "1.8.1",
      "resolved": "https://registry.npmjs.org/@lezer/generator/-/generator-1.8.1.tgz",
      "integrity": "sha512-7q7szXqT7EPTs6SODBl58Qoz/4OrhNvm5pW4lbu1ZDnG5e0nn7drLzeN9Nxkm8j/1iMs5QZ9j3i4SV+W4Z6SQA==",
      "dev": true,
      "license": "MIT",
      "dependencies": {
        "@lezer/common": "^1.1.0",
        "@lezer/lr": "^1.3.0"
      },
      "bin": {
        "lezer-generator": "src/lezer-generator.cjs"
      }
    },
    "node_modules/@lezer/lr": {
      "version": "1.4.10",
      "resolved": "https://registry.npmjs.org/@lezer/lr/-/lr-1.4.10.tgz",
      "integrity": "sha512-rnCpTIBafOx4mRp43xOxDJbFipJm/c0cia/V5TiGlhmMa+wsSdoGmUN3w5Bqrks/09Q/D4tNAmWaT8p6NRi77A==",
      "license": "MIT",
      "dependencies": {
        "@lezer/common": "^1.0.0"
      }
    }
  }
}
